{
  "name": "echart",
  "requires": true,
  "lockfileVersion": 1,
  "dependencies": {
    "clay-2d": {
      "version": "2.0.0",
      "resolved": "https://registry.npmjs.org/clay-2d/-/clay-2d-2.0.0.tgz",
      "integrity": "sha512-3OSf27woP4bVvCyVYS5PQyHswL9BRDWDnk1x1y4+B90tGVttOxT9f3C859yk4trI2wbo01A322h3N2ox2PEjEA==",
      "requires": {
        "clay-core": "^2.0.0"
      }
    },
    "clay-chart": {
      "version": "1.0.1",
      "resolved": "https://registry.npmjs.org/clay-chart/-/clay-chart-1.0.1.tgz",
      "integrity": "sha512-kljVKotJ0sUW7+ZlMDU4y5r1e9R0xInbKmi+cv64yiyT9VgCerEUx6B0e92y74gKYsBssItxXdQ0MXE1BlTTrw==",
      "requires": {
        "clay-core": "^2.0.2"
      }
    },
    "clay-core": {
      "version": "2.1.0",
      "resolved": "https://registry.npmjs.org/clay-core/-/clay-core-2.1.0.tgz",
      "integrity": "sha512-u6iJZP8d4/YfkXIOJiQHs/2Wjdw6yDx/x1C2DUBo2kW5AING4axPzXBI/u347782lVOWhv9I/lqte5tP5en0hA=="
    },
    "easycss-core": {
      "version": "2.0.0",
      "resolved": "https://registry.npmjs.org/easycss-core/-/easycss-core-2.0.0.tgz",
      "integrity": "sha512-vcsrIZw5XbceosIKyMoMKuy26lUPQObOp0raZSOf4OHKSV9kbrsazansjZ7Xe66kRQKSUPFebLvuAoe9LbOixg=="
    }
  }
}
