{
  "name": "echart",
  "requires": true,
  "dependencies": {
    "clay-2d": {
      "version": "2.0.0",
      "resolved": "https://registry.npmjs.org/clay-2d/-/clay-2d-2.0.0.tgz",
      "integrity": "sha512-3OSf27woP4bVvCyVYS5PQyHswL9BRDWDnk1x1y4+B90tGVttOxT9f3C859yk4trI2wbo01A322h3N2ox2PEjEA==",
      "requires": {
        "clay-core": "^2.0.0"
      }
    },
    "clay-chart": {
      "version": "1.0.0",
      "resolved": "https://registry.npmjs.org/clay-chart/-/clay-chart-1.0.0.tgz",
      "integrity": "sha512-AK8PsmnOd0saeaHCr/XdkdmItQ4u51zm50HEdNK57WsFBZN61tzkIn+mUbSmq503DzyOPtCGeWCFHbNffVAy9A==",
      "requires": {
        "clay-core": "^2.0.2"
      }
    },
    "clay-core": {
      "version": "2.0.2",
      "resolved": "https://registry.npmjs.org/clay-core/-/clay-core-2.0.2.tgz",
      "integrity": "sha512-Mkb57FKIHAD437Las7MVKWn6P9YumInvcIV7Jxmr6oEown8YdN/JEaMy0hCazSLDlFUGb2hbergdS01lpwrx5g=="
    },
    "easycss-core": {
      "version": "2.0.0",
      "resolved": "https://registry.npmjs.org/easycss-core/-/easycss-core-2.0.0.tgz",
      "integrity": "sha512-vcsrIZw5XbceosIKyMoMKuy26lUPQObOp0raZSOf4OHKSV9kbrsazansjZ7Xe66kRQKSUPFebLvuAoe9LbOixg=="
    }
  }
}
